PODS:
  - Alamofire (4.8.1)
  - FeedKit (7.0.1)
  - SDWebImage (4.4.5):
    - SDWebImage/Core (= 4.4.5)
  - SDWebImage/Core (4.4.5)

DEPENDENCIES:
  - Alamofire
  - FeedKit (= 7.0.1)
  - SDWebImage (~> 4.0)

SPEC REPOS:
  https://github.com/cocoapods/specs.git:
    - Alamofire
    - FeedKit
    - SDWebImage

SPEC CHECKSUMS:
  Alamofire: 16ce2c353fb72865124ddae8a57c5942388f4f11
  FeedKit: 9be69ab57ef0eb922ee4b6c31cb6b8840a5bbb29
  SDWebImage: ecc03494e973b93b80213649d32175f8d2d17d4d

PODFILE CHECKSUM: 7c8f7649e25de5f1d97540438af22c509380e078

COCOAPODS: 1.6.0
