// !$*UTF8*$!
{
	archiveVersion = 1;
	classes = {
	};
	objectVersion = 50;
	objects = {

/* Begin PBXBuildFile section */
		BED1FFF38D66A66B138DDAB5 /* Pods_SCPodcasts.framework in Frameworks */ = {isa = PBXBuildFile; fileRef = F0E8CCCF7AE2985730028886 /* Pods_SCPodcasts.framework */; };
		C52321E2220C8CB100447893 /* AppDelegate.swift in Sources */ = {isa = PBXBuildFile; fileRef = C52321E1220C8CB100447893 /* AppDelegate.swift */; };
		C52321E4220C8CB100447893 /* ViewController.swift in Sources */ = {isa = PBXBuildFile; fileRef = C52321E3220C8CB100447893 /* ViewController.swift */; };
		C52321E7220C8CB100447893 /* Main.storyboard in Resources */ = {isa = PBXBuildFile; fileRef = C52321E5220C8CB100447893 /* Main.storyboard */; };
		C52321E9220C8CB200447893 /* Assets.xcassets in Resources */ = {isa = PBXBuildFile; fileRef = C52321E8220C8CB200447893 /* Assets.xcassets */; };
		C52321EC220C8CB200447893 /* LaunchScreen.storyboard in Resources */ = {isa = PBXBuildFile; fileRef = C52321EA220C8CB200447893 /* LaunchScreen.storyboard */; };
		C52321F7220C8CB200447893 /* SCPodcastsTests.swift in Sources */ = {isa = PBXBuildFile; fileRef = C52321F6220C8CB200447893 /* SCPodcastsTests.swift */; };
		C5232203220C8D6900447893 /* Coordinator.swift in Sources */ = {isa = PBXBuildFile; fileRef = C5232202220C8D6900447893 /* Coordinator.swift */; };
		C5232205220C8D9300447893 /* ApplicationCoordinator.swift in Sources */ = {isa = PBXBuildFile; fileRef = C5232204220C8D9300447893 /* ApplicationCoordinator.swift */; };
		C5232207220C8F0500447893 /* MainTabBarController.swift in Sources */ = {isa = PBXBuildFile; fileRef = C5232206220C8F0500447893 /* MainTabBarController.swift */; };
		C523220C220E1AE700447893 /* PodcastsController.swift in Sources */ = {isa = PBXBuildFile; fileRef = C523220B220E1AE700447893 /* PodcastsController.swift */; };
		C523220E220E1B3C00447893 /* PodcastsSearchViewModel.swift in Sources */ = {isa = PBXBuildFile; fileRef = C523220D220E1B3C00447893 /* PodcastsSearchViewModel.swift */; };
		C52322142210943A00447893 /* PodcastCell.swift in Sources */ = {isa = PBXBuildFile; fileRef = C52322122210943A00447893 /* PodcastCell.swift */; };
		C52322152210943A00447893 /* PodcastCell.xib in Resources */ = {isa = PBXBuildFile; fileRef = C52322132210943A00447893 /* PodcastCell.xib */; };
		C5232217221198BE00447893 /* Podcast.swift in Sources */ = {isa = PBXBuildFile; fileRef = C5232216221198BE00447893 /* Podcast.swift */; };
		C523221922119A0D00447893 /* EpisodesController.swift in Sources */ = {isa = PBXBuildFile; fileRef = C523221822119A0D00447893 /* EpisodesController.swift */; };
		C523221B2211B7C700447893 /* PodcastsViewCoordinator.swift in Sources */ = {isa = PBXBuildFile; fileRef = C523221A2211B7C700447893 /* PodcastsViewCoordinator.swift */; };
		C523221F2211BE9500447893 /* EpisodesViewModel.swift in Sources */ = {isa = PBXBuildFile; fileRef = C523221E2211BE9500447893 /* EpisodesViewModel.swift */; };
		C523224F2211E37800447893 /* String.swift in Sources */ = {isa = PBXBuildFile; fileRef = C523224E2211E37800447893 /* String.swift */; };
		C52322512211E4E500447893 /* Episode.swift in Sources */ = {isa = PBXBuildFile; fileRef = C52322502211E4E500447893 /* Episode.swift */; };
		C52322542211E5A400447893 /* EpisodeCell.swift in Sources */ = {isa = PBXBuildFile; fileRef = C52322522211E5A400447893 /* EpisodeCell.swift */; };
		C52322552211E5A400447893 /* EpisodeCell.xib in Resources */ = {isa = PBXBuildFile; fileRef = C52322532211E5A400447893 /* EpisodeCell.xib */; };
		C52322572211E60500447893 /* RSSFeed.swift in Sources */ = {isa = PBXBuildFile; fileRef = C52322562211E60500447893 /* RSSFeed.swift */; };
		C52322592212E90700447893 /* PlayerDetailsView.xib in Resources */ = {isa = PBXBuildFile; fileRef = C52322582212E90700447893 /* PlayerDetailsView.xib */; };
		C523225B2212EF0300447893 /* PlayerDetailsView.swift in Sources */ = {isa = PBXBuildFile; fileRef = C523225A2212EF0300447893 /* PlayerDetailsView.swift */; };
		C54751F8233E2B7A00FA4884 /* FavouritesController.swift in Sources */ = {isa = PBXBuildFile; fileRef = C54751F7233E2B7A00FA4884 /* FavouritesController.swift */; };
		C54751FA233E2D4F00FA4884 /* FavoritesViewCoordinator.swift in Sources */ = {isa = PBXBuildFile; fileRef = C54751F9233E2D4F00FA4884 /* FavoritesViewCoordinator.swift */; };
		C54751FC233E2E2300FA4884 /* FavouritesViewModel.swift in Sources */ = {isa = PBXBuildFile; fileRef = C54751FB233E2E2300FA4884 /* FavouritesViewModel.swift */; };
		C54751FE233E496100FA4884 /* FavoritePodcastCell.swift in Sources */ = {isa = PBXBuildFile; fileRef = C54751FD233E496100FA4884 /* FavoritePodcastCell.swift */; };
		C5475200233E695500FA4884 /* UserDefaults.swift in Sources */ = {isa = PBXBuildFile; fileRef = C54751FF233E695500FA4884 /* UserDefaults.swift */; };
		C5475202233E7B3400FA4884 /* UIApplication.swift in Sources */ = {isa = PBXBuildFile; fileRef = C5475201233E7B3400FA4884 /* UIApplication.swift */; };
		C5475204233F38ED00FA4884 /* APIWorker.swift in Sources */ = {isa = PBXBuildFile; fileRef = C5475203233F38ED00FA4884 /* APIWorker.swift */; };
		C5475206233F3F4400FA4884 /* PodcastsCoordinatorDelegate.swift in Sources */ = {isa = PBXBuildFile; fileRef = C5475205233F3F4400FA4884 /* PodcastsCoordinatorDelegate.swift */; };
		C5475208233F44AD00FA4884 /* Request.swift in Sources */ = {isa = PBXBuildFile; fileRef = C5475207233F44AD00FA4884 /* Request.swift */; };
		C547520A233F48B200FA4884 /* Observer.swift in Sources */ = {isa = PBXBuildFile; fileRef = C5475209233F48B200FA4884 /* Observer.swift */; };
		C598F8492331F488002BE808 /* MiniPlayerView.swift in Sources */ = {isa = PBXBuildFile; fileRef = C598F8482331F488002BE808 /* MiniPlayerView.swift */; };
		C598F84B233250D6002BE808 /* MainTabBarViewModel.swift in Sources */ = {isa = PBXBuildFile; fileRef = C598F84A233250D6002BE808 /* MainTabBarViewModel.swift */; };
		C5B1430122185BA90007D187 /* CMTime.swift in Sources */ = {isa = PBXBuildFile; fileRef = C5B1430022185BA90007D187 /* CMTime.swift */; };
		C5B143042219CCA30007D187 /* AudioWorker.swift in Sources */ = {isa = PBXBuildFile; fileRef = C5B143032219CCA30007D187 /* AudioWorker.swift */; };
		E5CF750D40442897AC1C8147 /* Pods_SCPodcastsTests.framework in Frameworks */ = {isa = PBXBuildFile; fileRef = BF09303ABF53FA928314EBB4 /* Pods_SCPodcastsTests.framework */; };
/* End PBXBuildFile section */

/* Begin PBXContainerItemProxy section */
		C52321F3220C8CB200447893 /* PBXContainerItemProxy */ = {
			isa = PBXContainerItemProxy;
			containerPortal = C52321D6220C8CB100447893 /* Project object */;
			proxyType = 1;
			remoteGlobalIDString = C52321DD220C8CB100447893;
			remoteInfo = SCPodcasts;
		};
/* End PBXContainerItemProxy section */

/* Begin PBXFileReference section */
		22E67E180F75D8DA46A40AA6 /* Pods-SCPodcastsTests.debug.xcconfig */ = {isa = PBXFileReference; includeInIndex = 1; lastKnownFileType = text.xcconfig; name = "Pods-SCPodcastsTests.debug.xcconfig"; path = "Pods/Target Support Files/Pods-SCPodcastsTests/Pods-SCPodcastsTests.debug.xcconfig"; sourceTree = "<group>"; };
		2C72BA9163F31699371D9997 /* Pods-SCPodcasts.debug.xcconfig */ = {isa = PBXFileReference; includeInIndex = 1; lastKnownFileType = text.xcconfig; name = "Pods-SCPodcasts.debug.xcconfig"; path = "Pods/Target Support Files/Pods-SCPodcasts/Pods-SCPodcasts.debug.xcconfig"; sourceTree = "<group>"; };
		7129C081FF121F1B50D72667 /* Pods-SCPodcasts.release.xcconfig */ = {isa = PBXFileReference; includeInIndex = 1; lastKnownFileType = text.xcconfig; name = "Pods-SCPodcasts.release.xcconfig"; path = "Pods/Target Support Files/Pods-SCPodcasts/Pods-SCPodcasts.release.xcconfig"; sourceTree = "<group>"; };
		BF09303ABF53FA928314EBB4 /* Pods_SCPodcastsTests.framework */ = {isa = PBXFileReference; explicitFileType = wrapper.framework; includeInIndex = 0; path = Pods_SCPodcastsTests.framework; sourceTree = BUILT_PRODUCTS_DIR; };
		C52321DE220C8CB100447893 /* SCPodcasts.app */ = {isa = PBXFileReference; explicitFileType = wrapper.application; includeInIndex = 0; path = SCPodcasts.app; sourceTree = BUILT_PRODUCTS_DIR; };
		C52321E1220C8CB100447893 /* AppDelegate.swift */ = {isa = PBXFileReference; lastKnownFileType = sourcecode.swift; path = AppDelegate.swift; sourceTree = "<group>"; };
		C52321E3220C8CB100447893 /* ViewController.swift */ = {isa = PBXFileReference; lastKnownFileType = sourcecode.swift; path = ViewController.swift; sourceTree = "<group>"; };
		C52321E6220C8CB100447893 /* Base */ = {isa = PBXFileReference; lastKnownFileType = file.storyboard; name = Base; path = Base.lproj/Main.storyboard; sourceTree = "<group>"; };
		C52321E8220C8CB200447893 /* Assets.xcassets */ = {isa = PBXFileReference; lastKnownFileType = folder.assetcatalog; path = Assets.xcassets; sourceTree = "<group>"; };
		C52321EB220C8CB200447893 /* Base */ = {isa = PBXFileReference; lastKnownFileType = file.storyboard; name = Base; path = Base.lproj/LaunchScreen.storyboard; sourceTree = "<group>"; };
		C52321ED220C8CB200447893 /* Info.plist */ = {isa = PBXFileReference; lastKnownFileType = text.plist.xml; path = Info.plist; sourceTree = "<group>"; };
		C52321F2220C8CB200447893 /* SCPodcastsTests.xctest */ = {isa = PBXFileReference; explicitFileType = wrapper.cfbundle; includeInIndex = 0; path = SCPodcastsTests.xctest; sourceTree = BUILT_PRODUCTS_DIR; };
		C52321F6220C8CB200447893 /* SCPodcastsTests.swift */ = {isa = PBXFileReference; lastKnownFileType = sourcecode.swift; path = SCPodcastsTests.swift; sourceTree = "<group>"; };
		C52321F8220C8CB200447893 /* Info.plist */ = {isa = PBXFileReference; lastKnownFileType = text.plist.xml; path = Info.plist; sourceTree = "<group>"; };
		C5232202220C8D6900447893 /* Coordinator.swift */ = {isa = PBXFileReference; lastKnownFileType = sourcecode.swift; path = Coordinator.swift; sourceTree = "<group>"; };
		C5232204220C8D9300447893 /* ApplicationCoordinator.swift */ = {isa = PBXFileReference; lastKnownFileType = sourcecode.swift; path = ApplicationCoordinator.swift; sourceTree = "<group>"; };
		C5232206220C8F0500447893 /* MainTabBarController.swift */ = {isa = PBXFileReference; lastKnownFileType = sourcecode.swift; path = MainTabBarController.swift; sourceTree = "<group>"; };
		C523220B220E1AE700447893 /* PodcastsController.swift */ = {isa = PBXFileReference; lastKnownFileType = sourcecode.swift; path = PodcastsController.swift; sourceTree = "<group>"; };
		C523220D220E1B3C00447893 /* PodcastsSearchViewModel.swift */ = {isa = PBXFileReference; lastKnownFileType = sourcecode.swift; path = PodcastsSearchViewModel.swift; sourceTree = "<group>"; };
		C52322122210943A00447893 /* PodcastCell.swift */ = {isa = PBXFileReference; lastKnownFileType = sourcecode.swift; path = PodcastCell.swift; sourceTree = "<group>"; };
		C52322132210943A00447893 /* PodcastCell.xib */ = {isa = PBXFileReference; lastKnownFileType = file.xib; path = PodcastCell.xib; sourceTree = "<group>"; };
		C5232216221198BE00447893 /* Podcast.swift */ = {isa = PBXFileReference; fileEncoding = 4; lastKnownFileType = sourcecode.swift; path = Podcast.swift; sourceTree = "<group>"; };
		C523221822119A0D00447893 /* EpisodesController.swift */ = {isa = PBXFileReference; lastKnownFileType = sourcecode.swift; path = EpisodesController.swift; sourceTree = "<group>"; };
		C523221A2211B7C700447893 /* PodcastsViewCoordinator.swift */ = {isa = PBXFileReference; lastKnownFileType = sourcecode.swift; path = PodcastsViewCoordinator.swift; sourceTree = "<group>"; };
		C523221E2211BE9500447893 /* EpisodesViewModel.swift */ = {isa = PBXFileReference; lastKnownFileType = sourcecode.swift; path = EpisodesViewModel.swift; sourceTree = "<group>"; };
		C523224E2211E37800447893 /* String.swift */ = {isa = PBXFileReference; lastKnownFileType = sourcecode.swift; path = String.swift; sourceTree = "<group>"; };
		C52322502211E4E500447893 /* Episode.swift */ = {isa = PBXFileReference; lastKnownFileType = sourcecode.swift; path = Episode.swift; sourceTree = "<group>"; };
		C52322522211E5A400447893 /* EpisodeCell.swift */ = {isa = PBXFileReference; fileEncoding = 4; lastKnownFileType = sourcecode.swift; path = EpisodeCell.swift; sourceTree = "<group>"; };
		C52322532211E5A400447893 /* EpisodeCell.xib */ = {isa = PBXFileReference; fileEncoding = 4; lastKnownFileType = file.xib; path = EpisodeCell.xib; sourceTree = "<group>"; };
		C52322562211E60500447893 /* RSSFeed.swift */ = {isa = PBXFileReference; fileEncoding = 4; lastKnownFileType = sourcecode.swift; path = RSSFeed.swift; sourceTree = "<group>"; };
		C52322582212E90700447893 /* PlayerDetailsView.xib */ = {isa = PBXFileReference; lastKnownFileType = file.xib; path = PlayerDetailsView.xib; sourceTree = "<group>"; };
		C523225A2212EF0300447893 /* PlayerDetailsView.swift */ = {isa = PBXFileReference; lastKnownFileType = sourcecode.swift; path = PlayerDetailsView.swift; sourceTree = "<group>"; };
		C54751F7233E2B7A00FA4884 /* FavouritesController.swift */ = {isa = PBXFileReference; lastKnownFileType = sourcecode.swift; path = FavouritesController.swift; sourceTree = "<group>"; };
		C54751F9233E2D4F00FA4884 /* FavoritesViewCoordinator.swift */ = {isa = PBXFileReference; lastKnownFileType = sourcecode.swift; path = FavoritesViewCoordinator.swift; sourceTree = "<group>"; };
		C54751FB233E2E2300FA4884 /* FavouritesViewModel.swift */ = {isa = PBXFileReference; lastKnownFileType = sourcecode.swift; path = FavouritesViewModel.swift; sourceTree = "<group>"; };
		C54751FD233E496100FA4884 /* FavoritePodcastCell.swift */ = {isa = PBXFileReference; lastKnownFileType = sourcecode.swift; path = FavoritePodcastCell.swift; sourceTree = "<group>"; };
		C54751FF233E695500FA4884 /* UserDefaults.swift */ = {isa = PBXFileReference; lastKnownFileType = sourcecode.swift; path = UserDefaults.swift; sourceTree = "<group>"; };
		C5475201233E7B3400FA4884 /* UIApplication.swift */ = {isa = PBXFileReference; lastKnownFileType = sourcecode.swift; path = UIApplication.swift; sourceTree = "<group>"; };
		C5475203233F38ED00FA4884 /* APIWorker.swift */ = {isa = PBXFileReference; lastKnownFileType = sourcecode.swift; path = APIWorker.swift; sourceTree = "<group>"; };
		C5475205233F3F4400FA4884 /* PodcastsCoordinatorDelegate.swift */ = {isa = PBXFileReference; lastKnownFileType = sourcecode.swift; path = PodcastsCoordinatorDelegate.swift; sourceTree = "<group>"; };
		C5475207233F44AD00FA4884 /* Request.swift */ = {isa = PBXFileReference; lastKnownFileType = sourcecode.swift; path = Request.swift; sourceTree = "<group>"; };
		C5475209233F48B200FA4884 /* Observer.swift */ = {isa = PBXFileReference; lastKnownFileType = sourcecode.swift; path = Observer.swift; sourceTree = "<group>"; };
		C598F8482331F488002BE808 /* MiniPlayerView.swift */ = {isa = PBXFileReference; lastKnownFileType = sourcecode.swift; path = MiniPlayerView.swift; sourceTree = "<group>"; };
		C598F84A233250D6002BE808 /* MainTabBarViewModel.swift */ = {isa = PBXFileReference; lastKnownFileType = sourcecode.swift; path = MainTabBarViewModel.swift; sourceTree = "<group>"; };
		C5B1430022185BA90007D187 /* CMTime.swift */ = {isa = PBXFileReference; lastKnownFileType = sourcecode.swift; path = CMTime.swift; sourceTree = "<group>"; };
		C5B143032219CCA30007D187 /* AudioWorker.swift */ = {isa = PBXFileReference; lastKnownFileType = sourcecode.swift; path = AudioWorker.swift; sourceTree = "<group>"; };
		E0881A29A1407A18A6E825CF /* Pods-SCPodcastsTests.release.xcconfig */ = {isa = PBXFileReference; includeInIndex = 1; lastKnownFileType = text.xcconfig; name = "Pods-SCPodcastsTests.release.xcconfig"; path = "Pods/Target Support Files/Pods-SCPodcastsTests/Pods-SCPodcastsTests.release.xcconfig"; sourceTree = "<group>"; };
		F0E8CCCF7AE2985730028886 /* Pods_SCPodcasts.framework */ = {isa = PBXFileReference; explicitFileType = wrapper.framework; includeInIndex = 0; path = Pods_SCPodcasts.framework; sourceTree = BUILT_PRODUCTS_DIR; };
/* End PBXFileReference section */

/* Begin PBXFrameworksBuildPhase section */
		C52321DB220C8CB100447893 /* Frameworks */ = {
			isa = PBXFrameworksBuildPhase;
			buildActionMask = 2147483647;
			files = (
				BED1FFF38D66A66B138DDAB5 /* Pods_SCPodcasts.framework in Frameworks */,
			);
			runOnlyForDeploymentPostprocessing = 0;
		};
		C52321EF220C8CB200447893 /* Frameworks */ = {
			isa = PBXFrameworksBuildPhase;
			buildActionMask = 2147483647;
			files = (
				E5CF750D40442897AC1C8147 /* Pods_SCPodcastsTests.framework in Frameworks */,
			);
			runOnlyForDeploymentPostprocessing = 0;
		};
/* End PBXFrameworksBuildPhase section */

/* Begin PBXGroup section */
		43B2FD48FA480B342E2CE515 /* Pods */ = {
			isa = PBXGroup;
			children = (
				2C72BA9163F31699371D9997 /* Pods-SCPodcasts.debug.xcconfig */,
				7129C081FF121F1B50D72667 /* Pods-SCPodcasts.release.xcconfig */,
				22E67E180F75D8DA46A40AA6 /* Pods-SCPodcastsTests.debug.xcconfig */,
				E0881A29A1407A18A6E825CF /* Pods-SCPodcastsTests.release.xcconfig */,
			);
			name = Pods;
			sourceTree = "<group>";
		};
		C52321D5220C8CB100447893 = {
			isa = PBXGroup;
			children = (
				C52321E0220C8CB100447893 /* SCPodcasts */,
				C52321F5220C8CB200447893 /* SCPodcastsTests */,
				C52321DF220C8CB100447893 /* Products */,
				43B2FD48FA480B342E2CE515 /* Pods */,
				F0CB04B4E7EFE720D2CF3ECE /* Frameworks */,
			);
			sourceTree = "<group>";
		};
		C52321DF220C8CB100447893 /* Products */ = {
			isa = PBXGroup;
			children = (
				C52321DE220C8CB100447893 /* SCPodcasts.app */,
				C52321F2220C8CB200447893 /* SCPodcastsTests.xctest */,
			);
			name = Products;
			sourceTree = "<group>";
		};
		C52321E0220C8CB100447893 /* SCPodcasts */ = {
			isa = PBXGroup;
			children = (
				C5B143022219CC650007D187 /* Worker */,
				C523224D2211E33F00447893 /* Extensions */,
				C52322112210940600447893 /* Views */,
				C523220A220E1ABA00447893 /* ViewModels */,
				C5232209220E1AA200447893 /* ViewControllers */,
				C5232208220E1A9700447893 /* Model */,
				C5232201220C8CCB00447893 /* Coordinator */,
				C52321E1220C8CB100447893 /* AppDelegate.swift */,
				C52321E5220C8CB100447893 /* Main.storyboard */,
				C52321E8220C8CB200447893 /* Assets.xcassets */,
				C52321EA220C8CB200447893 /* LaunchScreen.storyboard */,
				C52321ED220C8CB200447893 /* Info.plist */,
			);
			path = SCPodcasts;
			sourceTree = "<group>";
		};
		C52321F5220C8CB200447893 /* SCPodcastsTests */ = {
			isa = PBXGroup;
			children = (
				C52321F6220C8CB200447893 /* SCPodcastsTests.swift */,
				C52321F8220C8CB200447893 /* Info.plist */,
			);
			path = SCPodcastsTests;
			sourceTree = "<group>";
		};
		C5232201220C8CCB00447893 /* Coordinator */ = {
			isa = PBXGroup;
			children = (
				C5232202220C8D6900447893 /* Coordinator.swift */,
				C5232204220C8D9300447893 /* ApplicationCoordinator.swift */,
				C523221A2211B7C700447893 /* PodcastsViewCoordinator.swift */,
				C54751F9233E2D4F00FA4884 /* FavoritesViewCoordinator.swift */,
				C5475205233F3F4400FA4884 /* PodcastsCoordinatorDelegate.swift */,
			);
			path = Coordinator;
			sourceTree = "<group>";
		};
		C5232208220E1A9700447893 /* Model */ = {
			isa = PBXGroup;
			children = (
				C5232216221198BE00447893 /* Podcast.swift */,
				C52322502211E4E500447893 /* Episode.swift */,
			);
			path = Model;
			sourceTree = "<group>";
		};
		C5232209220E1AA200447893 /* ViewControllers */ = {
			isa = PBXGroup;
			children = (
				C5232206220C8F0500447893 /* MainTabBarController.swift */,
				C523220B220E1AE700447893 /* PodcastsController.swift */,
				C523221822119A0D00447893 /* EpisodesController.swift */,
				C54751F7233E2B7A00FA4884 /* FavouritesController.swift */,
				C52321E3220C8CB100447893 /* ViewController.swift */,
			);
			path = ViewControllers;
			sourceTree = "<group>";
		};
		C523220A220E1ABA00447893 /* ViewModels */ = {
			isa = PBXGroup;
			children = (
				C523220D220E1B3C00447893 /* PodcastsSearchViewModel.swift */,
				C523221E2211BE9500447893 /* EpisodesViewModel.swift */,
				C598F84A233250D6002BE808 /* MainTabBarViewModel.swift */,
				C54751FB233E2E2300FA4884 /* FavouritesViewModel.swift */,
				C5475209233F48B200FA4884 /* Observer.swift */,
			);
			path = ViewModels;
			sourceTree = "<group>";
		};
		C52322112210940600447893 /* Views */ = {
			isa = PBXGroup;
			children = (
				C52322522211E5A400447893 /* EpisodeCell.swift */,
				C52322532211E5A400447893 /* EpisodeCell.xib */,
				C52322122210943A00447893 /* PodcastCell.swift */,
				C52322132210943A00447893 /* PodcastCell.xib */,
				C52322582212E90700447893 /* PlayerDetailsView.xib */,
				C523225A2212EF0300447893 /* PlayerDetailsView.swift */,
				C598F8482331F488002BE808 /* MiniPlayerView.swift */,
				C54751FD233E496100FA4884 /* FavoritePodcastCell.swift */,
			);
			path = Views;
			sourceTree = "<group>";
		};
		C523224D2211E33F00447893 /* Extensions */ = {
			isa = PBXGroup;
			children = (
				C5B1430022185BA90007D187 /* CMTime.swift */,
				C54751FF233E695500FA4884 /* UserDefaults.swift */,
				C52322562211E60500447893 /* RSSFeed.swift */,
				C523224E2211E37800447893 /* String.swift */,
				C5475201233E7B3400FA4884 /* UIApplication.swift */,
			);
			path = Extensions;
			sourceTree = "<group>";
		};
		C5B143022219CC650007D187 /* Worker */ = {
			isa = PBXGroup;
			children = (
				C5B143032219CCA30007D187 /* AudioWorker.swift */,
				C5475203233F38ED00FA4884 /* APIWorker.swift */,
				C5475207233F44AD00FA4884 /* Request.swift */,
			);
			path = Worker;
			sourceTree = "<group>";
		};
		F0CB04B4E7EFE720D2CF3ECE /* Frameworks */ = {
			isa = PBXGroup;
			children = (
				F0E8CCCF7AE2985730028886 /* Pods_SCPodcasts.framework */,
				BF09303ABF53FA928314EBB4 /* Pods_SCPodcastsTests.framework */,
			);
			name = Frameworks;
			sourceTree = "<group>";
		};
/* End PBXGroup section */

/* Begin PBXNativeTarget section */
		C52321DD220C8CB100447893 /* SCPodcasts */ = {
			isa = PBXNativeTarget;
			buildConfigurationList = C52321FB220C8CB200447893 /* Build configuration list for PBXNativeTarget "SCPodcasts" */;
			buildPhases = (
				C596063E471D15A9FCDB4FF5 /* [CP] Check Pods Manifest.lock */,
				C52321DA220C8CB100447893 /* Sources */,
				C52321DB220C8CB100447893 /* Frameworks */,
				C52321DC220C8CB100447893 /* Resources */,
				84B04BDFD4E50995C6765C78 /* [CP] Embed Pods Frameworks */,
			);
			buildRules = (
			);
			dependencies = (
			);
			name = SCPodcasts;
			productName = SCPodcasts;
			productReference = C52321DE220C8CB100447893 /* SCPodcasts.app */;
			productType = "com.apple.product-type.application";
		};
		C52321F1220C8CB200447893 /* SCPodcastsTests */ = {
			isa = PBXNativeTarget;
			buildConfigurationList = C52321FE220C8CB200447893 /* Build configuration list for PBXNativeTarget "SCPodcastsTests" */;
			buildPhases = (
				A1AFC7F0DD66709DD501E18B /* [CP] Check Pods Manifest.lock */,
				C52321EE220C8CB200447893 /* Sources */,
				C52321EF220C8CB200447893 /* Frameworks */,
				C52321F0220C8CB200447893 /* Resources */,
			);
			buildRules = (
			);
			dependencies = (
				C52321F4220C8CB200447893 /* PBXTargetDependency */,
			);
			name = SCPodcastsTests;
			productName = SCPodcastsTests;
			productReference = C52321F2220C8CB200447893 /* SCPodcastsTests.xctest */;
			productType = "com.apple.product-type.bundle.unit-test";
		};
/* End PBXNativeTarget section */

/* Begin PBXProject section */
		C52321D6220C8CB100447893 /* Project object */ = {
			isa = PBXProject;
			attributes = {
				LastSwiftUpdateCheck = 1010;
				LastUpgradeCheck = 1010;
				ORGANIZATIONNAME = "Suman Chatterjee";
				TargetAttributes = {
					C52321DD220C8CB100447893 = {
						CreatedOnToolsVersion = 10.1;
						SystemCapabilities = {
							com.apple.BackgroundModes = {
								enabled = 1;
							};
						};
					};
					C52321F1220C8CB200447893 = {
						CreatedOnToolsVersion = 10.1;
						TestTargetID = C52321DD220C8CB100447893;
					};
				};
			};
			buildConfigurationList = C52321D9220C8CB100447893 /* Build configuration list for PBXProject "SCPodcasts" */;
			compatibilityVersion = "Xcode 9.3";
			developmentRegion = en;
			hasScannedForEncodings = 0;
			knownRegions = (
				en,
				Base,
			);
			mainGroup = C52321D5220C8CB100447893;
			productRefGroup = C52321DF220C8CB100447893 /* Products */;
			projectDirPath = "";
			projectRoot = "";
			targets = (
				C52321DD220C8CB100447893 /* SCPodcasts */,
				C52321F1220C8CB200447893 /* SCPodcastsTests */,
			);
		};
/* End PBXProject section */

/* Begin PBXResourcesBuildPhase section */
		C52321DC220C8CB100447893 /* Resources */ = {
			isa = PBXResourcesBuildPhase;
			buildActionMask = 2147483647;
			files = (
				C52322592212E90700447893 /* PlayerDetailsView.xib in Resources */,
				C52321EC220C8CB200447893 /* LaunchScreen.storyboard in Resources */,
				C52321E9220C8CB200447893 /* Assets.xcassets in Resources */,
				C52322552211E5A400447893 /* EpisodeCell.xib in Resources */,
				C52322152210943A00447893 /* PodcastCell.xib in Resources */,
				C52321E7220C8CB100447893 /* Main.storyboard in Resources */,
			);
			runOnlyForDeploymentPostprocessing = 0;
		};
		C52321F0220C8CB200447893 /* Resources */ = {
			isa = PBXResourcesBuildPhase;
			buildActionMask = 2147483647;
			files = (
			);
			runOnlyForDeploymentPostprocessing = 0;
		};
/* End PBXResourcesBuildPhase section */

/* Begin PBXShellScriptBuildPhase section */
		84B04BDFD4E50995C6765C78 /* [CP] Embed Pods Frameworks */ = {
			isa = PBXShellScriptBuildPhase;
			buildActionMask = 2147483647;
			files = (
			);
			inputPaths = (
				"${PODS_ROOT}/Target Support Files/Pods-SCPodcasts/Pods-SCPodcasts-frameworks.sh",
				"${BUILT_PRODUCTS_DIR}/Alamofire/Alamofire.framework",
				"${BUILT_PRODUCTS_DIR}/FeedKit/FeedKit.framework",
				"${BUILT_PRODUCTS_DIR}/SDWebImage/SDWebImage.framework",
			);
			name = "[CP] Embed Pods Frameworks";
			outputPaths = (
				"${TARGET_BUILD_DIR}/${FRAMEWORKS_FOLDER_PATH}/Alamofire.framework",
				"${TARGET_BUILD_DIR}/${FRAMEWORKS_FOLDER_PATH}/FeedKit.framework",
				"${TARGET_BUILD_DIR}/${FRAMEWORKS_FOLDER_PATH}/SDWebImage.framework",
			);
			runOnlyForDeploymentPostprocessing = 0;
			shellPath = /bin/sh;
			shellScript = "\"${PODS_ROOT}/Target Support Files/Pods-SCPodcasts/Pods-SCPodcasts-frameworks.sh\"\n";
			showEnvVarsInLog = 0;
		};
		A1AFC7F0DD66709DD501E18B /* [CP] Check Pods Manifest.lock */ = {
			isa = PBXShellScriptBuildPhase;
			buildActionMask = 2147483647;
			files = (
			);
			inputPaths = (
				"${PODS_PODFILE_DIR_PATH}/Podfile.lock",
				"${PODS_ROOT}/Manifest.lock",
			);
			name = "[CP] Check Pods Manifest.lock";
			outputPaths = (
				"$(DERIVED_FILE_DIR)/Pods-SCPodcastsTests-checkManifestLockResult.txt",
			);
			runOnlyForDeploymentPostprocessing = 0;
			shellPath = /bin/sh;
			shellScript = "diff \"${PODS_PODFILE_DIR_PATH}/Podfile.lock\" \"${PODS_ROOT}/Manifest.lock\" > /dev/null\nif [ $? != 0 ] ; then\n    # print error to STDERR\n    echo \"error: The sandbox is not in sync with the Podfile.lock. Run 'pod install' or update your CocoaPods installation.\" >&2\n    exit 1\nfi\n# This output is used by Xcode 'outputs' to avoid re-running this script phase.\necho \"SUCCESS\" > \"${SCRIPT_OUTPUT_FILE_0}\"\n";
			showEnvVarsInLog = 0;
		};
		C596063E471D15A9FCDB4FF5 /* [CP] Check Pods Manifest.lock */ = {
			isa = PBXShellScriptBuildPhase;
			buildActionMask = 2147483647;
			files = (
			);
			inputPaths = (
				"${PODS_PODFILE_DIR_PATH}/Podfile.lock",
				"${PODS_ROOT}/Manifest.lock",
			);
			name = "[CP] Check Pods Manifest.lock";
			outputPaths = (
				"$(DERIVED_FILE_DIR)/Pods-SCPodcasts-checkManifestLockResult.txt",
			);
			runOnlyForDeploymentPostprocessing = 0;
			shellPath = /bin/sh;
			shellScript = "diff \"${PODS_PODFILE_DIR_PATH}/Podfile.lock\" \"${PODS_ROOT}/Manifest.lock\" > /dev/null\nif [ $? != 0 ] ; then\n    # print error to STDERR\n    echo \"error: The sandbox is not in sync with the Podfile.lock. Run 'pod install' or update your CocoaPods installation.\" >&2\n    exit 1\nfi\n# This output is used by Xcode 'outputs' to avoid re-running this script phase.\necho \"SUCCESS\" > \"${SCRIPT_OUTPUT_FILE_0}\"\n";
			showEnvVarsInLog = 0;
		};
/* End PBXShellScriptBuildPhase section */

/* Begin PBXSourcesBuildPhase section */
		C52321DA220C8CB100447893 /* Sources */ = {
			isa = PBXSourcesBuildPhase;
			buildActionMask = 2147483647;
			files = (
				C5475202233E7B3400FA4884 /* UIApplication.swift in Sources */,
				C547520A233F48B200FA4884 /* Observer.swift in Sources */,
				C52321E4220C8CB100447893 /* ViewController.swift in Sources */,
				C523224F2211E37800447893 /* String.swift in Sources */,
				C523225B2212EF0300447893 /* PlayerDetailsView.swift in Sources */,
				C523221922119A0D00447893 /* EpisodesController.swift in Sources */,
				C5475200233E695500FA4884 /* UserDefaults.swift in Sources */,
				C54751FA233E2D4F00FA4884 /* FavoritesViewCoordinator.swift in Sources */,
				C5475208233F44AD00FA4884 /* Request.swift in Sources */,
				C5475206233F3F4400FA4884 /* PodcastsCoordinatorDelegate.swift in Sources */,
				C523221F2211BE9500447893 /* EpisodesViewModel.swift in Sources */,
				C52322572211E60500447893 /* RSSFeed.swift in Sources */,
				C52321E2220C8CB100447893 /* AppDelegate.swift in Sources */,
				C52322542211E5A400447893 /* EpisodeCell.swift in Sources */,
				C598F8492331F488002BE808 /* MiniPlayerView.swift in Sources */,
				C523220E220E1B3C00447893 /* PodcastsSearchViewModel.swift in Sources */,
				C5232207220C8F0500447893 /* MainTabBarController.swift in Sources */,
				C5232203220C8D6900447893 /* Coordinator.swift in Sources */,
				C598F84B233250D6002BE808 /* MainTabBarViewModel.swift in Sources */,
				C5232217221198BE00447893 /* Podcast.swift in Sources */,
				C52322512211E4E500447893 /* Episode.swift in Sources */,
				C523220C220E1AE700447893 /* PodcastsController.swift in Sources */,
				C52322142210943A00447893 /* PodcastCell.swift in Sources */,
				C54751FC233E2E2300FA4884 /* FavouritesViewModel.swift in Sources */,
				C5232205220C8D9300447893 /* ApplicationCoordinator.swift in Sources */,
				C5B1430122185BA90007D187 /* CMTime.swift in Sources */,
				C5B143042219CCA30007D187 /* AudioWorker.swift in Sources */,
				C523221B2211B7C700447893 /* PodcastsViewCoordinator.swift in Sources */,
				C54751F8233E2B7A00FA4884 /* FavouritesController.swift in Sources */,
				C5475204233F38ED00FA4884 /* APIWorker.swift in Sources */,
				C54751FE233E496100FA4884 /* FavoritePodcastCell.swift in Sources */,
			);
			runOnlyForDeploymentPostprocessing = 0;
		};
		C52321EE220C8CB200447893 /* Sources */ = {
			isa = PBXSourcesBuildPhase;
			buildActionMask = 2147483647;
			files = (
				C52321F7220C8CB200447893 /* SCPodcastsTests.swift in Sources */,
			);
			runOnlyForDeploymentPostprocessing = 0;
		};
/* End PBXSourcesBuildPhase section */

/* Begin PBXTargetDependency section */
		C52321F4220C8CB200447893 /* PBXTargetDependency */ = {
			isa = PBXTargetDependency;
			target = C52321DD220C8CB100447893 /* SCPodcasts */;
			targetProxy = C52321F3220C8CB200447893 /* PBXContainerItemProxy */;
		};
/* End PBXTargetDependency section */

/* Begin PBXVariantGroup section */
		C52321E5220C8CB100447893 /* Main.storyboard */ = {
			isa = PBXVariantGroup;
			children = (
				C52321E6220C8CB100447893 /* Base */,
			);
			name = Main.storyboard;
			sourceTree = "<group>";
		};
		C52321EA220C8CB200447893 /* LaunchScreen.storyboard */ = {
			isa = PBXVariantGroup;
			children = (
				C52321EB220C8CB200447893 /* Base */,
			);
			name = LaunchScreen.storyboard;
			sourceTree = "<group>";
		};
/* End PBXVariantGroup section */

/* Begin XCBuildConfiguration section */
		C52321F9220C8CB200447893 /* Debug */ = {
			isa = XCBuildConfiguration;
			buildSettings = {
				ALWAYS_SEARCH_USER_PATHS = NO;
				CLANG_ANALYZER_NONNULL = YES;
				CLANG_ANALYZER_NUMBER_OBJECT_CONVERSION = YES_AGGRESSIVE;
				CLANG_CXX_LANGUAGE_STANDARD = "gnu++14";
				CLANG_CXX_LIBRARY = "libc++";
				CLANG_ENABLE_MODULES = YES;
				CLANG_ENABLE_OBJC_ARC = YES;
				CLANG_ENABLE_OBJC_WEAK = YES;
				CLANG_WARN_BLOCK_CAPTURE_AUTORELEASING = YES;
				CLANG_WARN_BOOL_CONVERSION = YES;
				CLANG_WARN_COMMA = YES;
				CLANG_WARN_CONSTANT_CONVERSION = YES;
				CLANG_WARN_DEPRECATED_OBJC_IMPLEMENTATIONS = YES;
				CLANG_WARN_DIRECT_OBJC_ISA_USAGE = YES_ERROR;
				CLANG_WARN_DOCUMENTATION_COMMENTS = YES;
				CLANG_WARN_EMPTY_BODY = YES;
				CLANG_WARN_ENUM_CONVERSION = YES;
				CLANG_WARN_INFINITE_RECURSION = YES;
				CLANG_WARN_INT_CONVERSION = YES;
				CLANG_WARN_NON_LITERAL_NULL_CONVERSION = YES;
				CLANG_WARN_OBJC_IMPLICIT_RETAIN_SELF = YES;
				CLANG_WARN_OBJC_LITERAL_CONVERSION = YES;
				CLANG_WARN_OBJC_ROOT_CLASS = YES_ERROR;
				CLANG_WARN_RANGE_LOOP_ANALYSIS = YES;
				CLANG_WARN_STRICT_PROTOTYPES = YES;
				CLANG_WARN_SUSPICIOUS_MOVE = YES;
				CLANG_WARN_UNGUARDED_AVAILABILITY = YES_AGGRESSIVE;
				CLANG_WARN_UNREACHABLE_CODE = YES;
				CLANG_WARN__DUPLICATE_METHOD_MATCH = YES;
				CODE_SIGN_IDENTITY = "iPhone Developer";
				COPY_PHASE_STRIP = NO;
				DEBUG_INFORMATION_FORMAT = dwarf;
				ENABLE_STRICT_OBJC_MSGSEND = YES;
				ENABLE_TESTABILITY = YES;
				GCC_C_LANGUAGE_STANDARD = gnu11;
				GCC_DYNAMIC_NO_PIC = NO;
				GCC_NO_COMMON_BLOCKS = YES;
				GCC_OPTIMIZATION_LEVEL = 0;
				GCC_PREPROCESSOR_DEFINITIONS = (
					"DEBUG=1",
					"$(inherited)",
				);
				GCC_WARN_64_TO_32_BIT_CONVERSION = YES;
				GCC_WARN_ABOUT_RETURN_TYPE = YES_ERROR;
				GCC_WARN_UNDECLARED_SELECTOR = YES;
				GCC_WARN_UNINITIALIZED_AUTOS = YES_AGGRESSIVE;
				GCC_WARN_UNUSED_FUNCTION = YES;
				GCC_WARN_UNUSED_VARIABLE = YES;
				IPHONEOS_DEPLOYMENT_TARGET = 12.1;
				MTL_ENABLE_DEBUG_INFO = INCLUDE_SOURCE;
				MTL_FAST_MATH = YES;
				ONLY_ACTIVE_ARCH = YES;
				SDKROOT = iphoneos;
				SWIFT_ACTIVE_COMPILATION_CONDITIONS = DEBUG;
				SWIFT_OPTIMIZATION_LEVEL = "-Onone";
			};
			name = Debug;
		};
		C52321FA220C8CB200447893 /* Release */ = {
			isa = XCBuildConfiguration;
			buildSettings = {
				ALWAYS_SEARCH_USER_PATHS = NO;
				CLANG_ANALYZER_NONNULL = YES;
				CLANG_ANALYZER_NUMBER_OBJECT_CONVERSION = YES_AGGRESSIVE;
				CLANG_CXX_LANGUAGE_STANDARD = "gnu++14";
				CLANG_CXX_LIBRARY = "libc++";
				CLANG_ENABLE_MODULES = YES;
				CLANG_ENABLE_OBJC_ARC = YES;
				CLANG_ENABLE_OBJC_WEAK = YES;
				CLANG_WARN_BLOCK_CAPTURE_AUTORELEASING = YES;
				CLANG_WARN_BOOL_CONVERSION = YES;
				CLANG_WARN_COMMA = YES;
				CLANG_WARN_CONSTANT_CONVERSION = YES;
				CLANG_WARN_DEPRECATED_OBJC_IMPLEMENTATIONS = YES;
				CLANG_WARN_DIRECT_OBJC_ISA_USAGE = YES_ERROR;
				CLANG_WARN_DOCUMENTATION_COMMENTS = YES;
				CLANG_WARN_EMPTY_BODY = YES;
				CLANG_WARN_ENUM_CONVERSION = YES;
				CLANG_WARN_INFINITE_RECURSION = YES;
				CLANG_WARN_INT_CONVERSION = YES;
				CLANG_WARN_NON_LITERAL_NULL_CONVERSION = YES;
				CLANG_WARN_OBJC_IMPLICIT_RETAIN_SELF = YES;
				CLANG_WARN_OBJC_LITERAL_CONVERSION = YES;
				CLANG_WARN_OBJC_ROOT_CLASS = YES_ERROR;
				CLANG_WARN_RANGE_LOOP_ANALYSIS = YES;
				CLANG_WARN_STRICT_PROTOTYPES = YES;
				CLANG_WARN_SUSPICIOUS_MOVE = YES;
				CLANG_WARN_UNGUARDED_AVAILABILITY = YES_AGGRESSIVE;
				CLANG_WARN_UNREACHABLE_CODE = YES;
				CLANG_WARN__DUPLICATE_METHOD_MATCH = YES;
				CODE_SIGN_IDENTITY = "iPhone Developer";
				COPY_PHASE_STRIP = NO;
				DEBUG_INFORMATION_FORMAT = "dwarf-with-dsym";
				ENABLE_NS_ASSERTIONS = NO;
				ENABLE_STRICT_OBJC_MSGSEND = YES;
				GCC_C_LANGUAGE_STANDARD = gnu11;
				GCC_NO_COMMON_BLOCKS = YES;
				GCC_WARN_64_TO_32_BIT_CONVERSION = YES;
				GCC_WARN_ABOUT_RETURN_TYPE = YES_ERROR;
				GCC_WARN_UNDECLARED_SELECTOR = YES;
				GCC_WARN_UNINITIALIZED_AUTOS = YES_AGGRESSIVE;
				GCC_WARN_UNUSED_FUNCTION = YES;
				GCC_WARN_UNUSED_VARIABLE = YES;
				IPHONEOS_DEPLOYMENT_TARGET = 12.1;
				MTL_ENABLE_DEBUG_INFO = NO;
				MTL_FAST_MATH = YES;
				SDKROOT = iphoneos;
				SWIFT_COMPILATION_MODE = wholemodule;
				SWIFT_OPTIMIZATION_LEVEL = "-O";
				VALIDATE_PRODUCT = YES;
			};
			name = Release;
		};
		C52321FC220C8CB200447893 /* Debug */ = {
			isa = XCBuildConfiguration;
			baseConfigurationReference = 2C72BA9163F31699371D9997 /* Pods-SCPodcasts.debug.xcconfig */;
			buildSettings = {
				CODE_SIGN_STYLE = Automatic;
				DEVELOPMENT_TEAM = 8VT29F6R7U;
				INFOPLIST_FILE = SCPodcasts/Info.plist;
				IPHONEOS_DEPLOYMENT_TARGET = 12.2;
				LD_RUNPATH_SEARCH_PATHS = (
					"$(inherited)",
					"@executable_path/Frameworks",
				);
				PRODUCT_BUNDLE_IDENTIFIER = dreamapps.SCPodcasts;
				PRODUCT_NAME = "$(TARGET_NAME)";
				SWIFT_VERSION = 5.0;
				TARGETED_DEVICE_FAMILY = "1,2";
			};
			name = Debug;
		};
		C52321FD220C8CB200447893 /* Release */ = {
			isa = XCBuildConfiguration;
			baseConfigurationReference = 7129C081FF121F1B50D72667 /* Pods-SCPodcasts.release.xcconfig */;
			buildSettings = {
				CODE_SIGN_STYLE = Automatic;
				DEVELOPMENT_TEAM = 8VT29F6R7U;
				INFOPLIST_FILE = SCPodcasts/Info.plist;
				IPHONEOS_DEPLOYMENT_TARGET = 12.2;
				LD_RUNPATH_SEARCH_PATHS = (
					"$(inherited)",
					"@executable_path/Frameworks",
				);
				PRODUCT_BUNDLE_IDENTIFIER = dreamapps.SCPodcasts;
				PRODUCT_NAME = "$(TARGET_NAME)";
				SWIFT_VERSION = 5.0;
				TARGETED_DEVICE_FAMILY = "1,2";
			};
			name = Release;
		};
		C52321FF220C8CB200447893 /* Debug */ = {
			isa = XCBuildConfiguration;
			baseConfigurationReference = 22E67E180F75D8DA46A40AA6 /* Pods-SCPodcastsTests.debug.xcconfig */;
			buildSettings = {
				ALWAYS_EMBED_SWIFT_STANDARD_LIBRARIES = YES;
				BUNDLE_LOADER = "$(TEST_HOST)";
				CODE_SIGN_STYLE = Automatic;
				DEVELOPMENT_TEAM = 6G9KR27J78;
				INFOPLIST_FILE = SCPodcastsTests/Info.plist;
				LD_RUNPATH_SEARCH_PATHS = (
					"$(inherited)",
					"@executable_path/Frameworks",
					"@loader_path/Frameworks",
				);
				PRODUCT_BUNDLE_IDENTIFIER = dreamapps.SCPodcastsTests;
				PRODUCT_NAME = "$(TARGET_NAME)";
				SWIFT_VERSION = 4.2;
				TARGETED_DEVICE_FAMILY = "1,2";
				TEST_HOST = "$(BUILT_PRODUCTS_DIR)/SCPodcasts.app/SCPodcasts";
			};
			name = Debug;
		};
		C5232200220C8CB200447893 /* Release */ = {
			isa = XCBuildConfiguration;
			baseConfigurationReference = E0881A29A1407A18A6E825CF /* Pods-SCPodcastsTests.release.xcconfig */;
			buildSettings = {
				ALWAYS_EMBED_SWIFT_STANDARD_LIBRARIES = YES;
				BUNDLE_LOADER = "$(TEST_HOST)";
				CODE_SIGN_STYLE = Automatic;
				DEVELOPMENT_TEAM = 6G9KR27J78;
				INFOPLIST_FILE = SCPodcastsTests/Info.plist;
				LD_RUNPATH_SEARCH_PATHS = (
					"$(inherited)",
					"@executable_path/Frameworks",
					"@loader_path/Frameworks",
				);
				PRODUCT_BUNDLE_IDENTIFIER = dreamapps.SCPodcastsTests;
				PRODUCT_NAME = "$(TARGET_NAME)";
				SWIFT_VERSION = 4.2;
				TARGETED_DEVICE_FAMILY = "1,2";
				TEST_HOST = "$(BUILT_PRODUCTS_DIR)/SCPodcasts.app/SCPodcasts";
			};
			name = Release;
		};
/* End XCBuildConfiguration section */

/* Begin XCConfigurationList section */
		C52321D9220C8CB100447893 /* Build configuration list for PBXProject "SCPodcasts" */ = {
			isa = XCConfigurationList;
			buildConfigurations = (
				C52321F9220C8CB200447893 /* Debug */,
				C52321FA220C8CB200447893 /* Release */,
			);
			defaultConfigurationIsVisible = 0;
			defaultConfigurationName = Release;
		};
		C52321FB220C8CB200447893 /* Build configuration list for PBXNativeTarget "SCPodcasts" */ = {
			isa = XCConfigurationList;
			buildConfigurations = (
				C52321FC220C8CB200447893 /* Debug */,
				C52321FD220C8CB200447893 /* Release */,
			);
			defaultConfigurationIsVisible = 0;
			defaultConfigurationName = Release;
		};
		C52321FE220C8CB200447893 /* Build configuration list for PBXNativeTarget "SCPodcastsTests" */ = {
			isa = XCConfigurationList;
			buildConfigurations = (
				C52321FF220C8CB200447893 /* Debug */,
				C5232200220C8CB200447893 /* Release */,
			);
			defaultConfigurationIsVisible = 0;
			defaultConfigurationName = Release;
		};
/* End XCConfigurationList section */
	};
	rootObject = C52321D6220C8CB100447893 /* Project object */;
}
